
Microsoft Visual Studio Solution File, Format Version 12.00
# Visual Studio 15
VisualStudioVersion = 15.0.27130.2020
MinimumVisualStudioVersion = 10.0.40219.1
Project("{FAE04EC0-301F-11D3-BF4B-00C04F79EFBC}") = "HG Bot", "Bots\HG Bot.csproj", "{EE21FF64-069C-48E7-AE1F-6113C4776418}"
EndProject
Global
	GlobalSection(SolutionConfigurationPlatforms) = preSolution
		Debug|Any CPU = Debug|Any CPU
		Release|Any CPU = Release|Any CPU
	EndGlobalSection
	GlobalSection(ProjectConfigurationPlatforms) = postSolution
		{EE21FF64-069C-48E7-AE1F-6113C4776418}.Debug|Any CPU.ActiveCfg = Debug|Any CPU
		{EE21FF64-069C-48E7-AE1F-6113C4776418}.Debug|Any CPU.Build.0 = Debug|Any CPU
		{EE21FF64-069C-48E7-AE1F-6113C4776418}.Release|Any CPU.ActiveCfg = Release|Any CPU
		{EE21FF64-069C-48E7-AE1F-6113C4776418}.Release|Any CPU.Build.0 = Release|Any CPU
	EndGlobalSection
	GlobalSection(SolutionProperties) = preSolution
		HideSolutionNode = FALSE
	EndGlobalSection
	GlobalSection(ExtensibilityGlobals) = postSolution
		SolutionGuid = {7A0FFF9A-7951-4041-88E8-AD5268051476}
	EndGlobalSection
EndGlobal
